
Microsoft Visual Studio Solution File, Format Version 12.00
VisualStudioVersion = 16.0.29709.97
MinimumVisualStudioVersion = 10.0.40219.1
Project("{FAE04EC0-301F-11D3-BF4B-00C04F79EFBC}") = "Siren", "Siren\Siren.csproj", "{D7EFD832-C284-41FC-BA40-0F314062A1B3}"
EndProject
Global
	GlobalSection(SolutionConfigurationPlatforms) = preSolution
		Debug|x64 = Debug|x64
		Release|x64 = Release|x64
	EndGlobalSection
	GlobalSection(ProjectConfigurationPlatforms) = postSolution
		{D7EFD832-C284-41FC-BA40-0F314062A1B3}.Debug|x64.ActiveCfg = Debug|x64
		{D7EFD832-C284-41FC-BA40-0F314062A1B3}.Debug|x64.Build.0 = Debug|x64
		{D7EFD832-C284-41FC-BA40-0F314062A1B3}.Release|x64.ActiveCfg = Release|x64
		{D7EFD832-C284-41FC-BA40-0F314062A1B3}.Release|x64.Build.0 = Release|x64
	EndGlobalSection
	GlobalSection(SolutionProperties) = preSolution
    		HideSolutionNode = FALSE
    EndGlobalSection
    GlobalSection(ExtensibilityGlobals) = postSolution
    	SolutionGuid = {B17E85B1-5F60-4440-9F9A-3DDE877E8CDF}
    EndGlobalSection
EndGlobal
